
Microsoft Visual Studio Solution File, Format Version 12.00
Project("{FAE04EC0-301F-11D3-BF4B-00C04F79EFBC}") = "HW5.1", "HW5.1\HW5.1.csproj", "{23DEFAE0-69B5-49BA-8831-29C80EB6785F}"
EndProject
Project("{FAE04EC0-301F-11D3-BF4B-00C04F79EFBC}") = "Primes", "Primes\Primes.csproj", "{29C0AD32-0A00-4D11-BE3C-5866BED21746}"
EndProject
Project("{FAE04EC0-301F-11D3-BF4B-00C04F79EFBC}") = "ProjectBuilder", "ProjectBuilder\ProjectBuilder.csproj", "{342F0E3D-8EBA-4F72-A4D1-D5F0284B7D1F}"
EndProject
Project("{FAE04EC0-301F-11D3-BF4B-00C04F79EFBC}") = "Primes5.3", "Primes5.3\Primes5.3.csproj", "{400C9153-DECA-4C9D-8DB7-B94B43841079}"
EndProject
Project("{FAE04EC0-301F-11D3-BF4B-00C04F79EFBC}") = "PrimesCalculator", "PrimesCalculator\PrimesCalculator.csproj", "{98052044-5447-49E3-9246-3EC320C50E6C}"
EndProject
Project("{FAE04EC0-301F-11D3-BF4B-00C04F79EFBC}") = "BackgroundPrimeCalc", "BackgroundPrimeCalc\BackgroundPrimeCalc.csproj", "{4CF8C11E-B2B4-405C-B3EF-5DE4794C5155}"
EndProject
Project("{FAE04EC0-301F-11D3-BF4B-00C04F79EFBC}") = "BackgroundPrimeCalcAsync", "BackgroundPrimeCalcAsync\BackgroundPrimeCalcAsync.csproj", "{0043CFF8-24AD-4DE8-8F0B-3B11D52A1C26}"
EndProject
Project("{FAE04EC0-301F-11D3-BF4B-00C04F79EFBC}") = "ImageManip", "ImageManip\ImageManip.csproj", "{5481E628-592B-4F9F-B2CE-7CBDD6B387E9}"
EndProject
Global
	GlobalSection(SolutionConfigurationPlatforms) = preSolution
		Debug|Any CPU = Debug|Any CPU
		Release|Any CPU = Release|Any CPU
	EndGlobalSection
	GlobalSection(ProjectConfigurationPlatforms) = postSolution
		{23DEFAE0-69B5-49BA-8831-29C80EB6785F}.Debug|Any CPU.ActiveCfg = Debug|Any CPU
		{23DEFAE0-69B5-49BA-8831-29C80EB6785F}.Debug|Any CPU.Build.0 = Debug|Any CPU
		{23DEFAE0-69B5-49BA-8831-29C80EB6785F}.Release|Any CPU.ActiveCfg = Release|Any CPU
		{23DEFAE0-69B5-49BA-8831-29C80EB6785F}.Release|Any CPU.Build.0 = Release|Any CPU
		{29C0AD32-0A00-4D11-BE3C-5866BED21746}.Debug|Any CPU.ActiveCfg = Debug|Any CPU
		{29C0AD32-0A00-4D11-BE3C-5866BED21746}.Debug|Any CPU.Build.0 = Debug|Any CPU
		{29C0AD32-0A00-4D11-BE3C-5866BED21746}.Release|Any CPU.ActiveCfg = Release|Any CPU
		{29C0AD32-0A00-4D11-BE3C-5866BED21746}.Release|Any CPU.Build.0 = Release|Any CPU
		{342F0E3D-8EBA-4F72-A4D1-D5F0284B7D1F}.Debug|Any CPU.ActiveCfg = Debug|Any CPU
		{342F0E3D-8EBA-4F72-A4D1-D5F0284B7D1F}.Debug|Any CPU.Build.0 = Debug|Any CPU
		{342F0E3D-8EBA-4F72-A4D1-D5F0284B7D1F}.Release|Any CPU.ActiveCfg = Release|Any CPU
		{342F0E3D-8EBA-4F72-A4D1-D5F0284B7D1F}.Release|Any CPU.Build.0 = Release|Any CPU
		{400C9153-DECA-4C9D-8DB7-B94B43841079}.Debug|Any CPU.ActiveCfg = Debug|Any CPU
		{400C9153-DECA-4C9D-8DB7-B94B43841079}.Debug|Any CPU.Build.0 = Debug|Any CPU
		{400C9153-DECA-4C9D-8DB7-B94B43841079}.Release|Any CPU.ActiveCfg = Release|Any CPU
		{400C9153-DECA-4C9D-8DB7-B94B43841079}.Release|Any CPU.Build.0 = Release|Any CPU
		{98052044-5447-49E3-9246-3EC320C50E6C}.Debug|Any CPU.ActiveCfg = Debug|Any CPU
		{98052044-5447-49E3-9246-3EC320C50E6C}.Debug|Any CPU.Build.0 = Debug|Any CPU
		{98052044-5447-49E3-9246-3EC320C50E6C}.Release|Any CPU.ActiveCfg = Release|Any CPU
		{98052044-5447-49E3-9246-3EC320C50E6C}.Release|Any CPU.Build.0 = Release|Any CPU
		{4CF8C11E-B2B4-405C-B3EF-5DE4794C5155}.Debug|Any CPU.ActiveCfg = Debug|Any CPU
		{4CF8C11E-B2B4-405C-B3EF-5DE4794C5155}.Debug|Any CPU.Build.0 = Debug|Any CPU
		{4CF8C11E-B2B4-405C-B3EF-5DE4794C5155}.Release|Any CPU.ActiveCfg = Release|Any CPU
		{4CF8C11E-B2B4-405C-B3EF-5DE4794C5155}.Release|Any CPU.Build.0 = Release|Any CPU
		{0043CFF8-24AD-4DE8-8F0B-3B11D52A1C26}.Debug|Any CPU.ActiveCfg = Debug|Any CPU
		{0043CFF8-24AD-4DE8-8F0B-3B11D52A1C26}.Debug|Any CPU.Build.0 = Debug|Any CPU
		{0043CFF8-24AD-4DE8-8F0B-3B11D52A1C26}.Release|Any CPU.ActiveCfg = Release|Any CPU
		{0043CFF8-24AD-4DE8-8F0B-3B11D52A1C26}.Release|Any CPU.Build.0 = Release|Any CPU
		{5481E628-592B-4F9F-B2CE-7CBDD6B387E9}.Debug|Any CPU.ActiveCfg = Debug|Any CPU
		{5481E628-592B-4F9F-B2CE-7CBDD6B387E9}.Debug|Any CPU.Build.0 = Debug|Any CPU
		{5481E628-592B-4F9F-B2CE-7CBDD6B387E9}.Release|Any CPU.ActiveCfg = Release|Any CPU
		{5481E628-592B-4F9F-B2CE-7CBDD6B387E9}.Release|Any CPU.Build.0 = Release|Any CPU
	EndGlobalSection
EndGlobal
